
Microsoft Visual Studio Solution File, Format Version 12.00
# Visual Studio Version 17
VisualStudioVersion = 17.0.32014.148
MinimumVisualStudioVersion = 10.0.40219.1
Project("{FAE04EC0-301F-11D3-BF4B-00C04F79EFBC}") = "GlobalChat.UWP", "GlobalChat\GlobalChat.UWP\GlobalChat.UWP.csproj", "{F82ED684-F94E-4171-BBB6-737F3F57E1A3}"
EndProject
Project("{FAE04EC0-301F-11D3-BF4B-00C04F79EFBC}") = "GlobalChat.Android", "GlobalChat\GlobalChat.Android\GlobalChat.Android.csproj", "{B3E67C2C-389C-4E70-8200-5237DCD9447D}"
EndProject
Project("{FAE04EC0-301F-11D3-BF4B-00C04F79EFBC}") = "GlobalChat.iOS", "GlobalChat\GlobalChat.iOS\GlobalChat.iOS.csproj", "{A40BF711-B5D0-4048-95C0-E4BFBF9D8433}"
EndProject
Project("{FAE04EC0-301F-11D3-BF4B-00C04F79EFBC}") = "GlobalChat", "GlobalChat\GlobalChat\GlobalChat.csproj", "{200D9871-4AAB-4B7B-AB95-CD9BCF775373}"
EndProject
Global
	GlobalSection(SolutionConfigurationPlatforms) = preSolution
		Debug|Any CPU = Debug|Any CPU
		Debug|ARM = Debug|ARM
		Debug|iPhone = Debug|iPhone
		Debug|iPhoneSimulator = Debug|iPhoneSimulator
		Debug|x64 = Debug|x64
		Debug|x86 = Debug|x86
		Release|Any CPU = Release|Any CPU
		Release|ARM = Release|ARM
		Release|iPhone = Release|iPhone
		Release|iPhoneSimulator = Release|iPhoneSimulator
		Release|x64 = Release|x64
		Release|x86 = Release|x86
	EndGlobalSection
	GlobalSection(ProjectConfigurationPlatforms) = postSolution
		{F82ED684-F94E-4171-BBB6-737F3F57E1A3}.Debug|Any CPU.ActiveCfg = Debug|x64
		{F82ED684-F94E-4171-BBB6-737F3F57E1A3}.Debug|Any CPU.Build.0 = Debug|x64
		{F82ED684-F94E-4171-BBB6-737F3F57E1A3}.Debug|Any CPU.Deploy.0 = Debug|x64
		{F82ED684-F94E-4171-BBB6-737F3F57E1A3}.Debug|ARM.ActiveCfg = Debug|ARM
		{F82ED684-F94E-4171-BBB6-737F3F57E1A3}.Debug|ARM.Build.0 = Debug|ARM
		{F82ED684-F94E-4171-BBB6-737F3F57E1A3}.Debug|ARM.Deploy.0 = Debug|ARM
		{F82ED684-F94E-4171-BBB6-737F3F57E1A3}.Debug|iPhone.ActiveCfg = Debug|x64
		{F82ED684-F94E-4171-BBB6-737F3F57E1A3}.Debug|iPhone.Build.0 = Debug|x64
		{F82ED684-F94E-4171-BBB6-737F3F57E1A3}.Debug|iPhone.Deploy.0 = Debug|x64
		{F82ED684-F94E-4171-BBB6-737F3F57E1A3}.Debug|iPhoneSimulator.ActiveCfg = Debug|x64
		{F82ED684-F94E-4171-BBB6-737F3F57E1A3}.Debug|iPhoneSimulator.Build.0 = Debug|x64
		{F82ED684-F94E-4171-BBB6-737F3F57E1A3}.Debug|iPhoneSimulator.Deploy.0 = Debug|x64
		{F82ED684-F94E-4171-BBB6-737F3F57E1A3}.Debug|x64.ActiveCfg = Debug|x64
		{F82ED684-F94E-4171-BBB6-737F3F57E1A3}.Debug|x64.Build.0 = Debug|x64
		{F82ED684-F94E-4171-BBB6-737F3F57E1A3}.Debug|x64.Deploy.0 = Debug|x64
		{F82ED684-F94E-4171-BBB6-737F3F57E1A3}.Debug|x86.ActiveCfg = Debug|x86
		{F82ED684-F94E-4171-BBB6-737F3F57E1A3}.Debug|x86.Build.0 = Debug|x86
		{F82ED684-F94E-4171-BBB6-737F3F57E1A3}.Debug|x86.Deploy.0 = Debug|x86
		{F82ED684-F94E-4171-BBB6-737F3F57E1A3}.Release|Any CPU.ActiveCfg = Release|x64
		{F82ED684-F94E-4171-BBB6-737F3F57E1A3}.Release|Any CPU.Build.0 = Release|x64
		{F82ED684-F94E-4171-BBB6-737F3F57E1A3}.Release|Any CPU.Deploy.0 = Release|x64
		{F82ED684-F94E-4171-BBB6-737F3F57E1A3}.Release|ARM.ActiveCfg = Release|ARM
		{F82ED684-F94E-4171-BBB6-737F3F57E1A3}.Release|ARM.Build.0 = Release|ARM
		{F82ED684-F94E-4171-BBB6-737F3F57E1A3}.Release|ARM.Deploy.0 = Release|ARM
		{F82ED684-F94E-4171-BBB6-737F3F57E1A3}.Release|iPhone.ActiveCfg = Release|x64
		{F82ED684-F94E-4171-BBB6-737F3F57E1A3}.Release|iPhone.Build.0 = Release|x64
		{F82ED684-F94E-4171-BBB6-737F3F57E1A3}.Release|iPhone.Deploy.0 = Release|x64
		{F82ED684-F94E-4171-BBB6-737F3F57E1A3}.Release|iPhoneSimulator.ActiveCfg = Release|x64
		{F82ED684-F94E-4171-BBB6-737F3F57E1A3}.Release|iPhoneSimulator.Build.0 = Release|x64
		{F82ED684-F94E-4171-BBB6-737F3F57E1A3}.Release|iPhoneSimulator.Deploy.0 = Release|x64
		{F82ED684-F94E-4171-BBB6-737F3F57E1A3}.Release|x64.ActiveCfg = Release|x64
		{F82ED684-F94E-4171-BBB6-737F3F57E1A3}.Release|x64.Build.0 = Release|x64
		{F82ED684-F94E-4171-BBB6-737F3F57E1A3}.Release|x64.Deploy.0 = Release|x64
		{F82ED684-F94E-4171-BBB6-737F3F57E1A3}.Release|x86.ActiveCfg = Release|x86
		{F82ED684-F94E-4171-BBB6-737F3F57E1A3}.Release|x86.Build.0 = Release|x86
		{F82ED684-F94E-4171-BBB6-737F3F57E1A3}.Release|x86.Deploy.0 = Release|x86
		{B3E67C2C-389C-4E70-8200-5237DCD9447D}.Debug|Any CPU.ActiveCfg = Debug|Any CPU
		{B3E67C2C-389C-4E70-8200-5237DCD9447D}.Debug|Any CPU.Build.0 = Debug|Any CPU
		{B3E67C2C-389C-4E70-8200-5237DCD9447D}.Debug|Any CPU.Deploy.0 = Debug|Any CPU
		{B3E67C2C-389C-4E70-8200-5237DCD9447D}.Debug|ARM.ActiveCfg = Debug|Any CPU
		{B3E67C2C-389C-4E70-8200-5237DCD9447D}.Debug|ARM.Build.0 = Debug|Any CPU
		{B3E67C2C-389C-4E70-8200-5237DCD9447D}.Debug|ARM.Deploy.0 = Debug|Any CPU
		{B3E67C2C-389C-4E70-8200-5237DCD9447D}.Debug|iPhone.ActiveCfg = Debug|Any CPU
		{B3E67C2C-389C-4E70-8200-5237DCD9447D}.Debug|iPhone.Build.0 = Debug|Any CPU
		{B3E67C2C-389C-4E70-8200-5237DCD9447D}.Debug|iPhone.Deploy.0 = Debug|Any CPU
		{B3E67C2C-389C-4E70-8200-5237DCD9447D}.Debug|iPhoneSimulator.ActiveCfg = Debug|Any CPU
		{B3E67C2C-389C-4E70-8200-5237DCD9447D}.Debug|iPhoneSimulator.Build.0 = Debug|Any CPU
		{B3E67C2C-389C-4E70-8200-5237DCD9447D}.Debug|iPhoneSimulator.Deploy.0 = Debug|Any CPU
		{B3E67C2C-389C-4E70-8200-5237DCD9447D}.Debug|x64.ActiveCfg = Debug|Any CPU
		{B3E67C2C-389C-4E70-8200-5237DCD9447D}.Debug|x64.Build.0 = Debug|Any CPU
		{B3E67C2C-389C-4E70-8200-5237DCD9447D}.Debug|x64.Deploy.0 = Debug|Any CPU
		{B3E67C2C-389C-4E70-8200-5237DCD9447D}.Debug|x86.ActiveCfg = Debug|Any CPU
		{B3E67C2C-389C-4E70-8200-5237DCD9447D}.Debug|x86.Build.0 = Debug|Any CPU
		{B3E67C2C-389C-4E70-8200-5237DCD9447D}.Debug|x86.Deploy.0 = Debug|Any CPU
		{B3E67C2C-389C-4E70-8200-5237DCD9447D}.Release|Any CPU.ActiveCfg = Release|Any CPU
		{B3E67C2C-389C-4E70-8200-5237DCD9447D}.Release|Any CPU.Build.0 = Release|Any CPU
		{B3E67C2C-389C-4E70-8200-5237DCD9447D}.Release|Any CPU.Deploy.0 = Release|Any CPU
		{B3E67C2C-389C-4E70-8200-5237DCD9447D}.Release|ARM.ActiveCfg = Release|Any CPU
		{B3E67C2C-389C-4E70-8200-5237DCD9447D}.Release|ARM.Build.0 = Release|Any CPU
		{B3E67C2C-389C-4E70-8200-5237DCD9447D}.Release|ARM.Deploy.0 = Release|Any CPU
		{B3E67C2C-389C-4E70-8200-5237DCD9447D}.Release|iPhone.ActiveCfg = Release|Any CPU
		{B3E67C2C-389C-4E70-8200-5237DCD9447D}.Release|iPhone.Build.0 = Release|Any CPU
		{B3E67C2C-389C-4E70-8200-5237DCD9447D}.Release|iPhone.Deploy.0 = Release|Any CPU
		{B3E67C2C-389C-4E70-8200-5237DCD9447D}.Release|iPhoneSimulator.ActiveCfg = Release|Any CPU
		{B3E67C2C-389C-4E70-8200-5237DCD9447D}.Release|iPhoneSimulator.Build.0 = Release|Any CPU
		{B3E67C2C-389C-4E70-8200-5237DCD9447D}.Release|iPhoneSimulator.Deploy.0 = Release|Any CPU
		{B3E67C2C-389C-4E70-8200-5237DCD9447D}.Release|x64.ActiveCfg = Release|Any CPU
		{B3E67C2C-389C-4E70-8200-5237DCD9447D}.Release|x64.Build.0 = Release|Any CPU
		{B3E67C2C-389C-4E70-8200-5237DCD9447D}.Release|x64.Deploy.0 = Release|Any CPU
		{B3E67C2C-389C-4E70-8200-5237DCD9447D}.Release|x86.ActiveCfg = Release|Any CPU
		{B3E67C2C-389C-4E70-8200-5237DCD9447D}.Release|x86.Build.0 = Release|Any CPU
		{B3E67C2C-389C-4E70-8200-5237DCD9447D}.Release|x86.Deploy.0 = Release|Any CPU
		{A40BF711-B5D0-4048-95C0-E4BFBF9D8433}.Debug|Any CPU.ActiveCfg = Debug|iPhoneSimulator
		{A40BF711-B5D0-4048-95C0-E4BFBF9D8433}.Debug|Any CPU.Build.0 = Debug|iPhoneSimulator
		{A40BF711-B5D0-4048-95C0-E4BFBF9D8433}.Debug|Any CPU.Deploy.0 = Debug|iPhoneSimulator
		{A40BF711-B5D0-4048-95C0-E4BFBF9D8433}.Debug|ARM.ActiveCfg = Debug|iPhoneSimulator
		{A40BF711-B5D0-4048-95C0-E4BFBF9D8433}.Debug|ARM.Build.0 = Debug|iPhoneSimulator
		{A40BF711-B5D0-4048-95C0-E4BFBF9D8433}.Debug|ARM.Deploy.0 = Debug|iPhoneSimulator
		{A40BF711-B5D0-4048-95C0-E4BFBF9D8433}.Debug|iPhone.ActiveCfg = Debug|iPhone
		{A40BF711-B5D0-4048-95C0-E4BFBF9D8433}.Debug|iPhone.Build.0 = Debug|iPhone
		{A40BF711-B5D0-4048-95C0-E4BFBF9D8433}.Debug|iPhone.Deploy.0 = Debug|iPhone
		{A40BF711-B5D0-4048-95C0-E4BFBF9D8433}.Debug|iPhoneSimulator.ActiveCfg = Debug|iPhoneSimulator
		{A40BF711-B5D0-4048-95C0-E4BFBF9D8433}.Debug|iPhoneSimulator.Build.0 = Debug|iPhoneSimulator
		{A40BF711-B5D0-4048-95C0-E4BFBF9D8433}.Debug|iPhoneSimulator.Deploy.0 = Debug|iPhoneSimulator
		{A40BF711-B5D0-4048-95C0-E4BFBF9D8433}.Debug|x64.ActiveCfg = Debug|iPhone
		{A40BF711-B5D0-4048-95C0-E4BFBF9D8433}.Debug|x64.Build.0 = Debug|iPhone
		{A40BF711-B5D0-4048-95C0-E4BFBF9D8433}.Debug|x64.Deploy.0 = Debug|iPhone
		{A40BF711-B5D0-4048-95C0-E4BFBF9D8433}.Debug|x86.ActiveCfg = Debug|iPhoneSimulator
		{A40BF711-B5D0-4048-95C0-E4BFBF9D8433}.Debug|x86.Build.0 = Debug|iPhoneSimulator
		{A40BF711-B5D0-4048-95C0-E4BFBF9D8433}.Debug|x86.Deploy.0 = Debug|iPhoneSimulator
		{A40BF711-B5D0-4048-95C0-E4BFBF9D8433}.Release|Any CPU.ActiveCfg = Release|iPhoneSimulator
		{A40BF711-B5D0-4048-95C0-E4BFBF9D8433}.Release|Any CPU.Build.0 = Release|iPhoneSimulator
		{A40BF711-B5D0-4048-95C0-E4BFBF9D8433}.Release|Any CPU.Deploy.0 = Release|iPhoneSimulator
		{A40BF711-B5D0-4048-95C0-E4BFBF9D8433}.Release|ARM.ActiveCfg = Release|iPhoneSimulator
		{A40BF711-B5D0-4048-95C0-E4BFBF9D8433}.Release|ARM.Build.0 = Release|iPhoneSimulator
		{A40BF711-B5D0-4048-95C0-E4BFBF9D8433}.Release|ARM.Deploy.0 = Release|iPhoneSimulator
		{A40BF711-B5D0-4048-95C0-E4BFBF9D8433}.Release|iPhone.ActiveCfg = Release|iPhone
		{A40BF711-B5D0-4048-95C0-E4BFBF9D8433}.Release|iPhone.Build.0 = Release|iPhone
		{A40BF711-B5D0-4048-95C0-E4BFBF9D8433}.Release|iPhone.Deploy.0 = Release|iPhone
		{A40BF711-B5D0-4048-95C0-E4BFBF9D8433}.Release|iPhoneSimulator.ActiveCfg = Release|iPhoneSimulator
		{A40BF711-B5D0-4048-95C0-E4BFBF9D8433}.Release|iPhoneSimulator.Build.0 = Release|iPhoneSimulator
		{A40BF711-B5D0-4048-95C0-E4BFBF9D8433}.Release|iPhoneSimulator.Deploy.0 = Release|iPhoneSimulator
		{A40BF711-B5D0-4048-95C0-E4BFBF9D8433}.Release|x64.ActiveCfg = Release|iPhoneSimulator
		{A40BF711-B5D0-4048-95C0-E4BFBF9D8433}.Release|x64.Build.0 = Release|iPhoneSimulator
		{A40BF711-B5D0-4048-95C0-E4BFBF9D8433}.Release|x64.Deploy.0 = Release|iPhoneSimulator
		{A40BF711-B5D0-4048-95C0-E4BFBF9D8433}.Release|x86.ActiveCfg = Release|iPhoneSimulator
		{A40BF711-B5D0-4048-95C0-E4BFBF9D8433}.Release|x86.Build.0 = Release|iPhoneSimulator
		{A40BF711-B5D0-4048-95C0-E4BFBF9D8433}.Release|x86.Deploy.0 = Release|iPhoneSimulator
		{200D9871-4AAB-4B7B-AB95-CD9BCF775373}.Debug|Any CPU.ActiveCfg = Debug|Any CPU
		{200D9871-4AAB-4B7B-AB95-CD9BCF775373}.Debug|Any CPU.Build.0 = Debug|Any CPU
		{200D9871-4AAB-4B7B-AB95-CD9BCF775373}.Debug|Any CPU.Deploy.0 = Debug|Any CPU
		{200D9871-4AAB-4B7B-AB95-CD9BCF775373}.Debug|ARM.ActiveCfg = Debug|Any CPU
		{200D9871-4AAB-4B7B-AB95-CD9BCF775373}.Debug|ARM.Build.0 = Debug|Any CPU
		{200D9871-4AAB-4B7B-AB95-CD9BCF775373}.Debug|ARM.Deploy.0 = Debug|Any CPU
		{200D9871-4AAB-4B7B-AB95-CD9BCF775373}.Debug|iPhone.ActiveCfg = Debug|Any CPU
		{200D9871-4AAB-4B7B-AB95-CD9BCF775373}.Debug|iPhone.Build.0 = Debug|Any CPU
		{200D9871-4AAB-4B7B-AB95-CD9BCF775373}.Debug|iPhone.Deploy.0 = Debug|Any CPU
		{200D9871-4AAB-4B7B-AB95-CD9BCF775373}.Debug|iPhoneSimulator.ActiveCfg = Debug|Any CPU
		{200D9871-4AAB-4B7B-AB95-CD9BCF775373}.Debug|iPhoneSimulator.Build.0 = Debug|Any CPU
		{200D9871-4AAB-4B7B-AB95-CD9BCF775373}.Debug|iPhoneSimulator.Deploy.0 = Debug|Any CPU
		{200D9871-4AAB-4B7B-AB95-CD9BCF775373}.Debug|x64.ActiveCfg = Debug|Any CPU
		{200D9871-4AAB-4B7B-AB95-CD9BCF775373}.Debug|x64.Build.0 = Debug|Any CPU
		{200D9871-4AAB-4B7B-AB95-CD9BCF775373}.Debug|x64.Deploy.0 = Debug|Any CPU
		{200D9871-4AAB-4B7B-AB95-CD9BCF775373}.Debug|x86.ActiveCfg = Debug|Any CPU
		{200D9871-4AAB-4B7B-AB95-CD9BCF775373}.Debug|x86.Build.0 = Debug|Any CPU
		{200D9871-4AAB-4B7B-AB95-CD9BCF775373}.Debug|x86.Deploy.0 = Debug|Any CPU
		{200D9871-4AAB-4B7B-AB95-CD9BCF775373}.Release|Any CPU.ActiveCfg = Release|Any CPU
		{200D9871-4AAB-4B7B-AB95-CD9BCF775373}.Release|Any CPU.Build.0 = Release|Any CPU
		{200D9871-4AAB-4B7B-AB95-CD9BCF775373}.Release|Any CPU.Deploy.0 = Release|Any CPU
		{200D9871-4AAB-4B7B-AB95-CD9BCF775373}.Release|ARM.ActiveCfg = Release|Any CPU
		{200D9871-4AAB-4B7B-AB95-CD9BCF775373}.Release|ARM.Build.0 = Release|Any CPU
		{200D9871-4AAB-4B7B-AB95-CD9BCF775373}.Release|ARM.Deploy.0 = Release|Any CPU
		{200D9871-4AAB-4B7B-AB95-CD9BCF775373}.Release|iPhone.ActiveCfg = Release|Any CPU
		{200D9871-4AAB-4B7B-AB95-CD9BCF775373}.Release|iPhone.Build.0 = Release|Any CPU
		{200D9871-4AAB-4B7B-AB95-CD9BCF775373}.Release|iPhone.Deploy.0 = Release|Any CPU
		{200D9871-4AAB-4B7B-AB95-CD9BCF775373}.Release|iPhoneSimulator.ActiveCfg = Release|Any CPU
		{200D9871-4AAB-4B7B-AB95-CD9BCF775373}.Release|iPhoneSimulator.Build.0 = Release|Any CPU
		{200D9871-4AAB-4B7B-AB95-CD9BCF775373}.Release|iPhoneSimulator.Deploy.0 = Release|Any CPU
		{200D9871-4AAB-4B7B-AB95-CD9BCF775373}.Release|x64.ActiveCfg = Release|Any CPU
		{200D9871-4AAB-4B7B-AB95-CD9BCF775373}.Release|x64.Build.0 = Release|Any CPU
		{200D9871-4AAB-4B7B-AB95-CD9BCF775373}.Release|x64.Deploy.0 = Release|Any CPU
		{200D9871-4AAB-4B7B-AB95-CD9BCF775373}.Release|x86.ActiveCfg = Release|Any CPU
		{200D9871-4AAB-4B7B-AB95-CD9BCF775373}.Release|x86.Build.0 = Release|Any CPU
		{200D9871-4AAB-4B7B-AB95-CD9BCF775373}.Release|x86.Deploy.0 = Release|Any CPU
	EndGlobalSection
	GlobalSection(SolutionProperties) = preSolution
		HideSolutionNode = FALSE
	EndGlobalSection
	GlobalSection(ExtensibilityGlobals) = postSolution
		SolutionGuid = {6FB81077-4378-44A7-9B9D-954652120576}
	EndGlobalSection
EndGlobal
